// !$*UTF8*$!
{
	archiveVersion = 1;
	classes = {
	};
	objectVersion = 56;
	objects = {

/* Begin PBXBuildFile section */
		74150CC52A8219D700E143FC /* AppDelegate.swift in Sources */ = {isa = PBXBuildFile; fileRef = 74150CC42A8219D700E143FC /* AppDelegate.swift */; };
		74150CC72A8219D700E143FC /* SceneDelegate.swift in Sources */ = {isa = PBXBuildFile; fileRef = 74150CC62A8219D700E143FC /* SceneDelegate.swift */; };
		74150CCC2A8219D700E143FC /* Main.storyboard in Resources */ = {isa = PBXBuildFile; fileRef = 74150CCA2A8219D700E143FC /* Main.storyboard */; };
		74150CCE2A8219DA00E143FC /* Assets.xcassets in Resources */ = {isa = PBXBuildFile; fileRef = 74150CCD2A8219DA00E143FC /* Assets.xcassets */; };
		74150CD12A8219DA00E143FC /* LaunchScreen.storyboard in Resources */ = {isa = PBXBuildFile; fileRef = 74150CCF2A8219DA00E143FC /* LaunchScreen.storyboard */; };
		74150CD92A821A3700E143FC /* IntroViewController.swift in Sources */ = {isa = PBXBuildFile; fileRef = 74150CD82A821A3700E143FC /* IntroViewController.swift */; };
		74150CDB2A821A8500E143FC /* QuestionViewController.swift in Sources */ = {isa = PBXBuildFile; fileRef = 74150CDA2A821A8500E143FC /* QuestionViewController.swift */; };
		74150CDD2A821AC600E143FC /* ScoreViewController.swift in Sources */ = {isa = PBXBuildFile; fileRef = 74150CDC2A821AC600E143FC /* ScoreViewController.swift */; };
		74150CDF2A821B0600E143FC /* QuestionModel.swift in Sources */ = {isa = PBXBuildFile; fileRef = 74150CDE2A821B0600E143FC /* QuestionModel.swift */; };
		74150CE12A821B3500E143FC /* CategoryModel.swift in Sources */ = {isa = PBXBuildFile; fileRef = 74150CE02A821B3500E143FC /* CategoryModel.swift */; };
		748FF1CA2A824A9A004E5060 /* timerFunction.swift in Sources */ = {isa = PBXBuildFile; fileRef = 748FF1C92A824A9A004E5060 /* timerFunction.swift */; };
/* End PBXBuildFile section */

/* Begin PBXFileReference section */
		74150CC12A8219D700E143FC /* Crazy_Quizy.app */ = {isa = PBXFileReference; explicitFileType = wrapper.application; includeInIndex = 0; path = Crazy_Quizy.app; sourceTree = BUILT_PRODUCTS_DIR; };
		74150CC42A8219D700E143FC /* AppDelegate.swift */ = {isa = PBXFileReference; lastKnownFileType = sourcecode.swift; path = AppDelegate.swift; sourceTree = "<group>"; };
		74150CC62A8219D700E143FC /* SceneDelegate.swift */ = {isa = PBXFileReference; lastKnownFileType = sourcecode.swift; path = SceneDelegate.swift; sourceTree = "<group>"; };
		74150CCB2A8219D700E143FC /* Base */ = {isa = PBXFileReference; lastKnownFileType = file.storyboard; name = Base; path = Base.lproj/Main.storyboard; sourceTree = "<group>"; };
		74150CCD2A8219DA00E143FC /* Assets.xcassets */ = {isa = PBXFileReference; lastKnownFileType = folder.assetcatalog; path = Assets.xcassets; sourceTree = "<group>"; };
		74150CD02A8219DA00E143FC /* Base */ = {isa = PBXFileReference; lastKnownFileType = file.storyboard; name = Base; path = Base.lproj/LaunchScreen.storyboard; sourceTree = "<group>"; };
		74150CD22A8219DA00E143FC /* Info.plist */ = {isa = PBXFileReference; lastKnownFileType = text.plist.xml; path = Info.plist; sourceTree = "<group>"; };
		74150CD82A821A3700E143FC /* IntroViewController.swift */ = {isa = PBXFileReference; lastKnownFileType = sourcecode.swift; path = IntroViewController.swift; sourceTree = "<group>"; };
		74150CDA2A821A8500E143FC /* QuestionViewController.swift */ = {isa = PBXFileReference; lastKnownFileType = sourcecode.swift; path = QuestionViewController.swift; sourceTree = "<group>"; };
		74150CDC2A821AC600E143FC /* ScoreViewController.swift */ = {isa = PBXFileReference; lastKnownFileType = sourcecode.swift; path = ScoreViewController.swift; sourceTree = "<group>"; };
		74150CDE2A821B0600E143FC /* QuestionModel.swift */ = {isa = PBXFileReference; lastKnownFileType = sourcecode.swift; path = QuestionModel.swift; sourceTree = "<group>"; };
		74150CE02A821B3500E143FC /* CategoryModel.swift */ = {isa = PBXFileReference; lastKnownFileType = sourcecode.swift; path = CategoryModel.swift; sourceTree = "<group>"; };
		748FF1C92A824A9A004E5060 /* timerFunction.swift */ = {isa = PBXFileReference; lastKnownFileType = sourcecode.swift; path = timerFunction.swift; sourceTree = "<group>"; };
/* End PBXFileReference section */

/* Begin PBXFrameworksBuildPhase section */
		74150CBE2A8219D700E143FC /* Frameworks */ = {
			isa = PBXFrameworksBuildPhase;
			buildActionMask = 2147483647;
			files = (
			);
			runOnlyForDeploymentPostprocessing = 0;
		};
/* End PBXFrameworksBuildPhase section */

/* Begin PBXGroup section */
		74150CB82A8219D700E143FC = {
			isa = PBXGroup;
			children = (
				74150CC32A8219D700E143FC /* Crazy_Quizy */,
				74150CC22A8219D700E143FC /* Products */,
			);
			sourceTree = "<group>";
		};
		74150CC22A8219D700E143FC /* Products */ = {
			isa = PBXGroup;
			children = (
				74150CC12A8219D700E143FC /* Crazy_Quizy.app */,
			);
			name = Products;
			sourceTree = "<group>";
		};
		74150CC32A8219D700E143FC /* Crazy_Quizy */ = {
			isa = PBXGroup;
			children = (
				74150CC42A8219D700E143FC /* AppDelegate.swift */,
				74150CC62A8219D700E143FC /* SceneDelegate.swift */,
				74FC19DE2A8236FC00C34AFF /* Controller */,
				74619F5C2A822CD300621D84 /* Visual */,
				74150CE22A821B3E00E143FC /* Model */,
				74150CCD2A8219DA00E143FC /* Assets.xcassets */,
				74150CCF2A8219DA00E143FC /* LaunchScreen.storyboard */,
				74150CD22A8219DA00E143FC /* Info.plist */,
			);
			path = Crazy_Quizy;
			sourceTree = "<group>";
		};
		74150CE22A821B3E00E143FC /* Model */ = {
			isa = PBXGroup;
			children = (
				748FF1C92A824A9A004E5060 /* timerFunction.swift */,
				74150CDE2A821B0600E143FC /* QuestionModel.swift */,
				74150CE02A821B3500E143FC /* CategoryModel.swift */,
			);
			path = Model;
			sourceTree = "<group>";
		};
		74619F5C2A822CD300621D84 /* Visual */ = {
			isa = PBXGroup;
			children = (
				74150CCA2A8219D700E143FC /* Main.storyboard */,
			);
			path = Visual;
			sourceTree = "<group>";
		};
		74FC19DE2A8236FC00C34AFF /* Controller */ = {
			isa = PBXGroup;
			children = (
				74150CDC2A821AC600E143FC /* ScoreViewController.swift */,
				74150CDA2A821A8500E143FC /* QuestionViewController.swift */,
				74150CD82A821A3700E143FC /* IntroViewController.swift */,
			);
			path = Controller;
			sourceTree = "<group>";
		};
/* End PBXGroup section */

/* Begin PBXNativeTarget section */
		74150CC02A8219D700E143FC /* Crazy_Quizy */ = {
			isa = PBXNativeTarget;
			buildConfigurationList = 74150CD52A8219DA00E143FC /* Build configuration list for PBXNativeTarget "Crazy_Quizy" */;
			buildPhases = (
				74150CBD2A8219D700E143FC /* Sources */,
				74150CBE2A8219D700E143FC /* Frameworks */,
				74150CBF2A8219D700E143FC /* Resources */,
			);
			buildRules = (
			);
			dependencies = (
			);
			name = Crazy_Quizy;
			productName = Crazy_Quizy;
			productReference = 74150CC12A8219D700E143FC /* Crazy_Quizy.app */;
			productType = "com.apple.product-type.application";
		};
/* End PBXNativeTarget section */

/* Begin PBXProject section */
		74150CB92A8219D700E143FC /* Project object */ = {
			isa = PBXProject;
			attributes = {
				BuildIndependentTargetsInParallel = 1;
				LastSwiftUpdateCheck = 1500;
				LastUpgradeCheck = 1500;
				TargetAttributes = {
					74150CC02A8219D700E143FC = {
						CreatedOnToolsVersion = 15.0;
					};
				};
			};
			buildConfigurationList = 74150CBC2A8219D700E143FC /* Build configuration list for PBXProject "Crazy_Quizy" */;
			compatibilityVersion = "Xcode 14.0";
			developmentRegion = en;
			hasScannedForEncodings = 0;
			knownRegions = (
				en,
				Base,
			);
			mainGroup = 74150CB82A8219D700E143FC;
			productRefGroup = 74150CC22A8219D700E143FC /* Products */;
			projectDirPath = "";
			projectRoot = "";
			targets = (
				74150CC02A8219D700E143FC /* Crazy_Quizy */,
			);
		};
/* End PBXProject section */

/* Begin PBXResourcesBuildPhase section */
		74150CBF2A8219D700E143FC /* Resources */ = {
			isa = PBXResourcesBuildPhase;
			buildActionMask = 2147483647;
			files = (
				74150CD12A8219DA00E143FC /* LaunchScreen.storyboard in Resources */,
				74150CCE2A8219DA00E143FC /* Assets.xcassets in Resources */,
				74150CCC2A8219D700E143FC /* Main.storyboard in Resources */,
			);
			runOnlyForDeploymentPostprocessing = 0;
		};
/* End PBXResourcesBuildPhase section */

/* Begin PBXSourcesBuildPhase section */
		74150CBD2A8219D700E143FC /* Sources */ = {
			isa = PBXSourcesBuildPhase;
			buildActionMask = 2147483647;
			files = (
				74150CD92A821A3700E143FC /* IntroViewController.swift in Sources */,
				74150CC52A8219D700E143FC /* AppDelegate.swift in Sources */,
				74150CDD2A821AC600E143FC /* ScoreViewController.swift in Sources */,
				74150CDF2A821B0600E143FC /* QuestionModel.swift in Sources */,
				74150CE12A821B3500E143FC /* CategoryModel.swift in Sources */,
				748FF1CA2A824A9A004E5060 /* timerFunction.swift in Sources */,
				74150CDB2A821A8500E143FC /* QuestionViewController.swift in Sources */,
				74150CC72A8219D700E143FC /* SceneDelegate.swift in Sources */,
			);
			runOnlyForDeploymentPostprocessing = 0;
		};
/* End PBXSourcesBuildPhase section */

/* Begin PBXVariantGroup section */
		74150CCA2A8219D700E143FC /* Main.storyboard */ = {
			isa = PBXVariantGroup;
			children = (
				74150CCB2A8219D700E143FC /* Base */,
			);
			name = Main.storyboard;
			sourceTree = "<group>";
		};
		74150CCF2A8219DA00E143FC /* LaunchScreen.storyboard */ = {
			isa = PBXVariantGroup;
			children = (
				74150CD02A8219DA00E143FC /* Base */,
			);
			name = LaunchScreen.storyboard;
			sourceTree = "<group>";
		};
/* End PBXVariantGroup section */

/* Begin XCBuildConfiguration section */
		74150CD32A8219DA00E143FC /* Debug */ = {
			isa = XCBuildConfiguration;
			buildSettings = {
				ALWAYS_SEARCH_USER_PATHS = NO;
				ASSETCATALOG_COMPILER_GENERATE_SWIFT_ASSET_SYMBOL_EXTENSIONS = YES;
				CLANG_ANALYZER_NONNULL = YES;
				CLANG_ANALYZER_NUMBER_OBJECT_CONVERSION = YES_AGGRESSIVE;
				CLANG_CXX_LANGUAGE_STANDARD = "gnu++20";
				CLANG_ENABLE_MODULES = YES;
				CLANG_ENABLE_OBJC_ARC = YES;
				CLANG_ENABLE_OBJC_WEAK = YES;
				CLANG_WARN_BLOCK_CAPTURE_AUTORELEASING = YES;
				CLANG_WARN_BOOL_CONVERSION = YES;
				CLANG_WARN_COMMA = YES;
				CLANG_WARN_CONSTANT_CONVERSION = YES;
				CLANG_WARN_DEPRECATED_OBJC_IMPLEMENTATIONS = YES;
				CLANG_WARN_DIRECT_OBJC_ISA_USAGE = YES_ERROR;
				CLANG_WARN_DOCUMENTATION_COMMENTS = YES;
				CLANG_WARN_EMPTY_BODY = YES;
				CLANG_WARN_ENUM_CONVERSION = YES;
				CLANG_WARN_INFINITE_RECURSION = YES;
				CLANG_WARN_INT_CONVERSION = YES;
				CLANG_WARN_NON_LITERAL_NULL_CONVERSION = YES;
				CLANG_WARN_OBJC_IMPLICIT_RETAIN_SELF = YES;
				CLANG_WARN_OBJC_LITERAL_CONVERSION = YES;
				CLANG_WARN_OBJC_ROOT_CLASS = YES_ERROR;
				CLANG_WARN_QUOTED_INCLUDE_IN_FRAMEWORK_HEADER = YES;
				CLANG_WARN_RANGE_LOOP_ANALYSIS = YES;
				CLANG_WARN_STRICT_PROTOTYPES = YES;
				CLANG_WARN_SUSPICIOUS_MOVE = YES;
				CLANG_WARN_UNGUARDED_AVAILABILITY = YES_AGGRESSIVE;
				CLANG_WARN_UNREACHABLE_CODE = YES;
				CLANG_WARN__DUPLICATE_METHOD_MATCH = YES;
				COPY_PHASE_STRIP = NO;
				DEBUG_INFORMATION_FORMAT = dwarf;
				ENABLE_STRICT_OBJC_MSGSEND = YES;
				ENABLE_TESTABILITY = YES;
				ENABLE_USER_SCRIPT_SANDBOXING = YES;
				GCC_C_LANGUAGE_STANDARD = gnu17;
				GCC_DYNAMIC_NO_PIC = NO;
				GCC_NO_COMMON_BLOCKS = YES;
				GCC_OPTIMIZATION_LEVEL = 0;
				GCC_PREPROCESSOR_DEFINITIONS = (
					"DEBUG=1",
					"$(inherited)",
				);
				GCC_WARN_64_TO_32_BIT_CONVERSION = YES;
				GCC_WARN_ABOUT_RETURN_TYPE = YES_ERROR;
				GCC_WARN_UNDECLARED_SELECTOR = YES;
				GCC_WARN_UNINITIALIZED_AUTOS = YES_AGGRESSIVE;
				GCC_WARN_UNUSED_FUNCTION = YES;
				GCC_WARN_UNUSED_VARIABLE = YES;
				IPHONEOS_DEPLOYMENT_TARGET = 17.0;
				LOCALIZATION_PREFERS_STRING_CATALOGS = YES;
				MTL_ENABLE_DEBUG_INFO = INCLUDE_SOURCE;
				MTL_FAST_MATH = YES;
				ONLY_ACTIVE_ARCH = YES;
				SDKROOT = iphoneos;
				SWIFT_ACTIVE_COMPILATION_CONDITIONS = "DEBUG $(inherited)";
				SWIFT_OPTIMIZATION_LEVEL = "-Onone";
			};
			name = Debug;
		};
		74150CD42A8219DA00E143FC /* Release */ = {
			isa = XCBuildConfiguration;
			buildSettings = {
				ALWAYS_SEARCH_USER_PATHS = NO;
				ASSETCATALOG_COMPILER_GENERATE_SWIFT_ASSET_SYMBOL_EXTENSIONS = YES;
				CLANG_ANALYZER_NONNULL = YES;
				CLANG_ANALYZER_NUMBER_OBJECT_CONVERSION = YES_AGGRESSIVE;
				CLANG_CXX_LANGUAGE_STANDARD = "gnu++20";
				CLANG_ENABLE_MODULES = YES;
				CLANG_ENABLE_OBJC_ARC = YES;
				CLANG_ENABLE_OBJC_WEAK = YES;
				CLANG_WARN_BLOCK_CAPTURE_AUTORELEASING = YES;
				CLANG_WARN_BOOL_CONVERSION = YES;
				CLANG_WARN_COMMA = YES;
				CLANG_WARN_CONSTANT_CONVERSION = YES;
				CLANG_WARN_DEPRECATED_OBJC_IMPLEMENTATIONS = YES;
				CLANG_WARN_DIRECT_OBJC_ISA_USAGE = YES_ERROR;
				CLANG_WARN_DOCUMENTATION_COMMENTS = YES;
				CLANG_WARN_EMPTY_BODY = YES;
				CLANG_WARN_ENUM_CONVERSION = YES;
				CLANG_WARN_INFINITE_RECURSION = YES;
				CLANG_WARN_INT_CONVERSION = YES;
				CLANG_WARN_NON_LITERAL_NULL_CONVERSION = YES;
				CLANG_WARN_OBJC_IMPLICIT_RETAIN_SELF = YES;
				CLANG_WARN_OBJC_LITERAL_CONVERSION = YES;
				CLANG_WARN_OBJC_ROOT_CLASS = YES_ERROR;
				CLANG_WARN_QUOTED_INCLUDE_IN_FRAMEWORK_HEADER = YES;
				CLANG_WARN_RANGE_LOOP_ANALYSIS = YES;
				CLANG_WARN_STRICT_PROTOTYPES = YES;
				CLANG_WARN_SUSPICIOUS_MOVE = YES;
				CLANG_WARN_UNGUARDED_AVAILABILITY = YES_AGGRESSIVE;
				CLANG_WARN_UNREACHABLE_CODE = YES;
				CLANG_WARN__DUPLICATE_METHOD_MATCH = YES;
				COPY_PHASE_STRIP = NO;
				DEBUG_INFORMATION_FORMAT = "dwarf-with-dsym";
				ENABLE_NS_ASSERTIONS = NO;
				ENABLE_STRICT_OBJC_MSGSEND = YES;
				ENABLE_USER_SCRIPT_SANDBOXING = YES;
				GCC_C_LANGUAGE_STANDARD = gnu17;
				GCC_NO_COMMON_BLOCKS = YES;
				GCC_WARN_64_TO_32_BIT_CONVERSION = YES;
				GCC_WARN_ABOUT_RETURN_TYPE = YES_ERROR;
				GCC_WARN_UNDECLARED_SELECTOR = YES;
				GCC_WARN_UNINITIALIZED_AUTOS = YES_AGGRESSIVE;
				GCC_WARN_UNUSED_FUNCTION = YES;
				GCC_WARN_UNUSED_VARIABLE = YES;
				IPHONEOS_DEPLOYMENT_TARGET = 17.0;
				LOCALIZATION_PREFERS_STRING_CATALOGS = YES;
				MTL_ENABLE_DEBUG_INFO = NO;
				MTL_FAST_MATH = YES;
				SDKROOT = iphoneos;
				SWIFT_COMPILATION_MODE = wholemodule;
				VALIDATE_PRODUCT = YES;
			};
			name = Release;
		};
		74150CD62A8219DA00E143FC /* Debug */ = {
			isa = XCBuildConfiguration;
			buildSettings = {
				ASSETCATALOG_COMPILER_APPICON_NAME = AppIcon;
				ASSETCATALOG_COMPILER_GLOBAL_ACCENT_COLOR_NAME = AccentColor;
				CODE_SIGN_STYLE = Automatic;
				CURRENT_PROJECT_VERSION = 1;
				DEVELOPMENT_TEAM = U69A9BL6B7;
				GENERATE_INFOPLIST_FILE = YES;
				INFOPLIST_FILE = Crazy_Quizy/Info.plist;
				INFOPLIST_KEY_UIApplicationSupportsIndirectInputEvents = YES;
				INFOPLIST_KEY_UILaunchStoryboardName = LaunchScreen;
				INFOPLIST_KEY_UIMainStoryboardFile = Main;
				INFOPLIST_KEY_UISupportedInterfaceOrientations_iPad = "UIInterfaceOrientationPortrait UIInterfaceOrientationPortraitUpsideDown UIInterfaceOrientationLandscapeLeft UIInterfaceOrientationLandscapeRight";
				INFOPLIST_KEY_UISupportedInterfaceOrientations_iPhone = "UIInterfaceOrientationPortrait UIInterfaceOrientationLandscapeLeft UIInterfaceOrientationLandscapeRight";
				LD_RUNPATH_SEARCH_PATHS = (
					"$(inherited)",
					"@executable_path/Frameworks",
				);
				MARKETING_VERSION = 1.0;
				PRODUCT_BUNDLE_IDENTIFIER = "com.Jimmy.Crazy-Quizy";
				PRODUCT_NAME = "$(TARGET_NAME)";
				SWIFT_EMIT_LOC_STRINGS = YES;
				SWIFT_VERSION = 5.0;
				TARGETED_DEVICE_FAMILY = "1,2";
			};
			name = Debug;
		};
		74150CD72A8219DA00E143FC /* Release */ = {
			isa = XCBuildConfiguration;
			buildSettings = {
				ASSETCATALOG_COMPILER_APPICON_NAME = AppIcon;
				ASSETCATALOG_COMPILER_GLOBAL_ACCENT_COLOR_NAME = AccentColor;
				CODE_SIGN_STYLE = Automatic;
				CURRENT_PROJECT_VERSION = 1;
				DEVELOPMENT_TEAM = U69A9BL6B7;
				GENERATE_INFOPLIST_FILE = YES;
				INFOPLIST_FILE = Crazy_Quizy/Info.plist;
				INFOPLIST_KEY_UIApplicationSupportsIndirectInputEvents = YES;
				INFOPLIST_KEY_UILaunchStoryboardName = LaunchScreen;
				INFOPLIST_KEY_UIMainStoryboardFile = Main;
				INFOPLIST_KEY_UISupportedInterfaceOrientations_iPad = "UIInterfaceOrientationPortrait UIInterfaceOrientationPortraitUpsideDown UIInterfaceOrientationLandscapeLeft UIInterfaceOrientationLandscapeRight";
				INFOPLIST_KEY_UISupportedInterfaceOrientations_iPhone = "UIInterfaceOrientationPortrait UIInterfaceOrientationLandscapeLeft UIInterfaceOrientationLandscapeRight";
				LD_RUNPATH_SEARCH_PATHS = (
					"$(inherited)",
					"@executable_path/Frameworks",
				);
				MARKETING_VERSION = 1.0;
				PRODUCT_BUNDLE_IDENTIFIER = "com.Jimmy.Crazy-Quizy";
				PRODUCT_NAME = "$(TARGET_NAME)";
				SWIFT_EMIT_LOC_STRINGS = YES;
				SWIFT_VERSION = 5.0;
				TARGETED_DEVICE_FAMILY = "1,2";
			};
			name = Release;
		};
/* End XCBuildConfiguration section */

/* Begin XCConfigurationList section */
		74150CBC2A8219D700E143FC /* Build configuration list for PBXProject "Crazy_Quizy" */ = {
			isa = XCConfigurationList;
			buildConfigurations = (
				74150CD32A8219DA00E143FC /* Debug */,
				74150CD42A8219DA00E143FC /* Release */,
			);
			defaultConfigurationIsVisible = 0;
			defaultConfigurationName = Release;
		};
		74150CD52A8219DA00E143FC /* Build configuration list for PBXNativeTarget "Crazy_Quizy" */ = {
			isa = XCConfigurationList;
			buildConfigurations = (
				74150CD62A8219DA00E143FC /* Debug */,
				74150CD72A8219DA00E143FC /* Release */,
			);
			defaultConfigurationIsVisible = 0;
			defaultConfigurationName = Release;
		};
/* End XCConfigurationList section */
	};
	rootObject = 74150CB92A8219D700E143FC /* Project object */;
}
